{
  "name": "msite",
  "lockfileVersion": 2,
  "requires": true,
  "packages": {
    "": {
      "dependencies": {
        "react-slide-fade-in": "^1.0.7"
      }
    },
    "node_modules/react-slide-fade-in": {
      "version": "1.0.7",
      "resolved": "https://registry.npmjs.org/react-slide-fade-in/-/react-slide-fade-in-1.0.7.tgz",
      "integrity": "sha512-Wh0n8P3ho3VTbjMBDfn8yZmc7v34RS1LCp4sB2tLBs8+v2QPypQ9OZQdvDAG0D8VqBVcHfnSQ5+mriW7pTCg6g=="
    }
  },
  "dependencies": {
    "react-slide-fade-in": {
      "version": "1.0.7",
      "resolved": "https://registry.npmjs.org/react-slide-fade-in/-/react-slide-fade-in-1.0.7.tgz",
      "integrity": "sha512-Wh0n8P3ho3VTbjMBDfn8yZmc7v34RS1LCp4sB2tLBs8+v2QPypQ9OZQdvDAG0D8VqBVcHfnSQ5+mriW7pTCg6g=="
    }
  }
}
